
Microsoft Visual Studio Solution File, Format Version 12.00
Project("{FAE04EC0-301F-11D3-BF4B-00C04F79EFBC}") = "HelloWorld", "HelloWorld\HelloWorld.csproj", "{83E11D05-1902-4216-AEF0-AEFD308A9D45}"
EndProject
Project("{FAE04EC0-301F-11D3-BF4B-00C04F79EFBC}") = "DataTypes", "DataTypes\DataTypes.csproj", "{55EEC22E-3170-4352-99D5-774AD7A80D88}"
EndProject
Project("{FAE04EC0-301F-11D3-BF4B-00C04F79EFBC}") = "NumberRead", "NumberRead\NumberRead.csproj", "{F1287F57-8153-4279-B907-987ECC369513}"
EndProject
Project("{FAE04EC0-301F-11D3-BF4B-00C04F79EFBC}") = "PrintingApp", "PrintingApp\PrintingApp.csproj", "{D7EF4A9C-5C7F-4D4F-88BF-DC7BD7A0CFAC}"
EndProject
Project("{FAE04EC0-301F-11D3-BF4B-00C04F79EFBC}") = "KilometersApp", "KilometersApp\KilometersApp.csproj", "{E03D8F90-6A95-4792-A671-344C05744970}"
EndProject
Project("{FAE04EC0-301F-11D3-BF4B-00C04F79EFBC}") = "ProductsVat", "ProductsVat\ProductsVat.csproj", "{E5CF1A0B-FFF0-4408-B43C-00B2A1D22499}"
EndProject
Project("{FAE04EC0-301F-11D3-BF4B-00C04F79EFBC}") = "IfUseCases", "IfUseCases\IfUseCases.csproj", "{7B4F3DA7-09EC-4F59-A683-7D7F111C8AC5}"
EndProject
Project("{FAE04EC0-301F-11D3-BF4B-00C04F79EFBC}") = "SwitchApp", "SwitchApp\SwitchApp.csproj", "{6EC5473D-4253-4BCE-A9C1-050C5053DC1C}"
EndProject
Project("{FAE04EC0-301F-11D3-BF4B-00C04F79EFBC}") = "WhileApp", "WhileApp\WhileApp.csproj", "{91361142-B499-4A3A-B124-953C1802EAA6}"
EndProject
Project("{FAE04EC0-301F-11D3-BF4B-00C04F79EFBC}") = "PositivesCount", "PositivesCount\PositivesCount.csproj", "{68EFC44E-021C-477D-BEB3-FCD891DA235A}"
EndProject
Project("{FAE04EC0-301F-11D3-BF4B-00C04F79EFBC}") = "FormatExceptionApp", "FormatExceptionApp\FormatExceptionApp.csproj", "{BDC6DDC5-FF8C-442D-B65F-7C9A88ACDDB7}"
EndProject
Project("{FAE04EC0-301F-11D3-BF4B-00C04F79EFBC}") = "ProductWhileApp", "ProductWhileApp\ProductWhileApp.csproj", "{35F3AADC-4BCF-49BD-9D53-2F67D7A0884C}"
EndProject
Project("{FAE04EC0-301F-11D3-BF4B-00C04F79EFBC}") = "DoWhileApp", "DoWhileApp\DoWhileApp.csproj", "{45BF3121-1CB0-4834-B0A6-25A577571658}"
EndProject
Project("{FAE04EC0-301F-11D3-BF4B-00C04F79EFBC}") = "CitiesForApp", "CitiesForApp\CitiesForApp.csproj", "{CF43A942-DE41-40D6-B11F-7BF85BB101A2}"
EndProject
Project("{FAE04EC0-301F-11D3-BF4B-00C04F79EFBC}") = "PowerAPp", "PowerAPp\PowerAPp.csproj", "{D6EBBEC2-F1B0-44A4-9B09-E8A03B1455A1}"
EndProject
Project("{FAE04EC0-301F-11D3-BF4B-00C04F79EFBC}") = "PyramidChallenge", "PyramidChallenge\PyramidChallenge.csproj", "{7FA664D7-0912-4B27-8731-A2B4799B333B}"
EndProject
Global
	GlobalSection(SolutionConfigurationPlatforms) = preSolution
		Debug|Any CPU = Debug|Any CPU
		Release|Any CPU = Release|Any CPU
	EndGlobalSection
	GlobalSection(ProjectConfigurationPlatforms) = postSolution
		{83E11D05-1902-4216-AEF0-AEFD308A9D45}.Debug|Any CPU.ActiveCfg = Debug|Any CPU
		{83E11D05-1902-4216-AEF0-AEFD308A9D45}.Debug|Any CPU.Build.0 = Debug|Any CPU
		{83E11D05-1902-4216-AEF0-AEFD308A9D45}.Release|Any CPU.ActiveCfg = Release|Any CPU
		{83E11D05-1902-4216-AEF0-AEFD308A9D45}.Release|Any CPU.Build.0 = Release|Any CPU
		{55EEC22E-3170-4352-99D5-774AD7A80D88}.Debug|Any CPU.ActiveCfg = Debug|Any CPU
		{55EEC22E-3170-4352-99D5-774AD7A80D88}.Debug|Any CPU.Build.0 = Debug|Any CPU
		{55EEC22E-3170-4352-99D5-774AD7A80D88}.Release|Any CPU.ActiveCfg = Release|Any CPU
		{55EEC22E-3170-4352-99D5-774AD7A80D88}.Release|Any CPU.Build.0 = Release|Any CPU
		{F1287F57-8153-4279-B907-987ECC369513}.Debug|Any CPU.ActiveCfg = Debug|Any CPU
		{F1287F57-8153-4279-B907-987ECC369513}.Debug|Any CPU.Build.0 = Debug|Any CPU
		{F1287F57-8153-4279-B907-987ECC369513}.Release|Any CPU.ActiveCfg = Release|Any CPU
		{F1287F57-8153-4279-B907-987ECC369513}.Release|Any CPU.Build.0 = Release|Any CPU
		{D7EF4A9C-5C7F-4D4F-88BF-DC7BD7A0CFAC}.Debug|Any CPU.ActiveCfg = Debug|Any CPU
		{D7EF4A9C-5C7F-4D4F-88BF-DC7BD7A0CFAC}.Debug|Any CPU.Build.0 = Debug|Any CPU
		{D7EF4A9C-5C7F-4D4F-88BF-DC7BD7A0CFAC}.Release|Any CPU.ActiveCfg = Release|Any CPU
		{D7EF4A9C-5C7F-4D4F-88BF-DC7BD7A0CFAC}.Release|Any CPU.Build.0 = Release|Any CPU
		{E03D8F90-6A95-4792-A671-344C05744970}.Debug|Any CPU.ActiveCfg = Debug|Any CPU
		{E03D8F90-6A95-4792-A671-344C05744970}.Debug|Any CPU.Build.0 = Debug|Any CPU
		{E03D8F90-6A95-4792-A671-344C05744970}.Release|Any CPU.ActiveCfg = Release|Any CPU
		{E03D8F90-6A95-4792-A671-344C05744970}.Release|Any CPU.Build.0 = Release|Any CPU
		{E5CF1A0B-FFF0-4408-B43C-00B2A1D22499}.Debug|Any CPU.ActiveCfg = Debug|Any CPU
		{E5CF1A0B-FFF0-4408-B43C-00B2A1D22499}.Debug|Any CPU.Build.0 = Debug|Any CPU
		{E5CF1A0B-FFF0-4408-B43C-00B2A1D22499}.Release|Any CPU.ActiveCfg = Release|Any CPU
		{E5CF1A0B-FFF0-4408-B43C-00B2A1D22499}.Release|Any CPU.Build.0 = Release|Any CPU
		{7B4F3DA7-09EC-4F59-A683-7D7F111C8AC5}.Debug|Any CPU.ActiveCfg = Debug|Any CPU
		{7B4F3DA7-09EC-4F59-A683-7D7F111C8AC5}.Debug|Any CPU.Build.0 = Debug|Any CPU
		{7B4F3DA7-09EC-4F59-A683-7D7F111C8AC5}.Release|Any CPU.ActiveCfg = Release|Any CPU
		{7B4F3DA7-09EC-4F59-A683-7D7F111C8AC5}.Release|Any CPU.Build.0 = Release|Any CPU
		{6EC5473D-4253-4BCE-A9C1-050C5053DC1C}.Debug|Any CPU.ActiveCfg = Debug|Any CPU
		{6EC5473D-4253-4BCE-A9C1-050C5053DC1C}.Debug|Any CPU.Build.0 = Debug|Any CPU
		{6EC5473D-4253-4BCE-A9C1-050C5053DC1C}.Release|Any CPU.ActiveCfg = Release|Any CPU
		{6EC5473D-4253-4BCE-A9C1-050C5053DC1C}.Release|Any CPU.Build.0 = Release|Any CPU
		{91361142-B499-4A3A-B124-953C1802EAA6}.Debug|Any CPU.ActiveCfg = Debug|Any CPU
		{91361142-B499-4A3A-B124-953C1802EAA6}.Debug|Any CPU.Build.0 = Debug|Any CPU
		{91361142-B499-4A3A-B124-953C1802EAA6}.Release|Any CPU.ActiveCfg = Release|Any CPU
		{91361142-B499-4A3A-B124-953C1802EAA6}.Release|Any CPU.Build.0 = Release|Any CPU
		{68EFC44E-021C-477D-BEB3-FCD891DA235A}.Debug|Any CPU.ActiveCfg = Debug|Any CPU
		{68EFC44E-021C-477D-BEB3-FCD891DA235A}.Debug|Any CPU.Build.0 = Debug|Any CPU
		{68EFC44E-021C-477D-BEB3-FCD891DA235A}.Release|Any CPU.ActiveCfg = Release|Any CPU
		{68EFC44E-021C-477D-BEB3-FCD891DA235A}.Release|Any CPU.Build.0 = Release|Any CPU
		{BDC6DDC5-FF8C-442D-B65F-7C9A88ACDDB7}.Debug|Any CPU.ActiveCfg = Debug|Any CPU
		{BDC6DDC5-FF8C-442D-B65F-7C9A88ACDDB7}.Debug|Any CPU.Build.0 = Debug|Any CPU
		{BDC6DDC5-FF8C-442D-B65F-7C9A88ACDDB7}.Release|Any CPU.ActiveCfg = Release|Any CPU
		{BDC6DDC5-FF8C-442D-B65F-7C9A88ACDDB7}.Release|Any CPU.Build.0 = Release|Any CPU
		{35F3AADC-4BCF-49BD-9D53-2F67D7A0884C}.Debug|Any CPU.ActiveCfg = Debug|Any CPU
		{35F3AADC-4BCF-49BD-9D53-2F67D7A0884C}.Debug|Any CPU.Build.0 = Debug|Any CPU
		{35F3AADC-4BCF-49BD-9D53-2F67D7A0884C}.Release|Any CPU.ActiveCfg = Release|Any CPU
		{35F3AADC-4BCF-49BD-9D53-2F67D7A0884C}.Release|Any CPU.Build.0 = Release|Any CPU
		{45BF3121-1CB0-4834-B0A6-25A577571658}.Debug|Any CPU.ActiveCfg = Debug|Any CPU
		{45BF3121-1CB0-4834-B0A6-25A577571658}.Debug|Any CPU.Build.0 = Debug|Any CPU
		{45BF3121-1CB0-4834-B0A6-25A577571658}.Release|Any CPU.ActiveCfg = Release|Any CPU
		{45BF3121-1CB0-4834-B0A6-25A577571658}.Release|Any CPU.Build.0 = Release|Any CPU
		{CF43A942-DE41-40D6-B11F-7BF85BB101A2}.Debug|Any CPU.ActiveCfg = Debug|Any CPU
		{CF43A942-DE41-40D6-B11F-7BF85BB101A2}.Debug|Any CPU.Build.0 = Debug|Any CPU
		{CF43A942-DE41-40D6-B11F-7BF85BB101A2}.Release|Any CPU.ActiveCfg = Release|Any CPU
		{CF43A942-DE41-40D6-B11F-7BF85BB101A2}.Release|Any CPU.Build.0 = Release|Any CPU
		{D6EBBEC2-F1B0-44A4-9B09-E8A03B1455A1}.Debug|Any CPU.ActiveCfg = Debug|Any CPU
		{D6EBBEC2-F1B0-44A4-9B09-E8A03B1455A1}.Debug|Any CPU.Build.0 = Debug|Any CPU
		{D6EBBEC2-F1B0-44A4-9B09-E8A03B1455A1}.Release|Any CPU.ActiveCfg = Release|Any CPU
		{D6EBBEC2-F1B0-44A4-9B09-E8A03B1455A1}.Release|Any CPU.Build.0 = Release|Any CPU
		{7FA664D7-0912-4B27-8731-A2B4799B333B}.Debug|Any CPU.ActiveCfg = Debug|Any CPU
		{7FA664D7-0912-4B27-8731-A2B4799B333B}.Debug|Any CPU.Build.0 = Debug|Any CPU
		{7FA664D7-0912-4B27-8731-A2B4799B333B}.Release|Any CPU.ActiveCfg = Release|Any CPU
		{7FA664D7-0912-4B27-8731-A2B4799B333B}.Release|Any CPU.Build.0 = Release|Any CPU
	EndGlobalSection
EndGlobal
